
Microsoft Visual Studio Solution File, Format Version 12.00
# Visual Studio Version 17
VisualStudioVersion = 17.7.34024.191
MinimumVisualStudioVersion = 10.0.40219.1
Project("{FAE04EC0-301F-11D3-BF4B-00C04F79EFBC}") = "prjLoginLab", "prjLoginLab\prjLoginLab.csproj", "{6B62F3E3-BE55-4AC8-9E4B-22919BAEA1B6}"
EndProject
Global
	GlobalSection(SolutionConfigurationPlatforms) = preSolution
		Debug|Any CPU = Debug|Any CPU
		Release|Any CPU = Release|Any CPU
	EndGlobalSection
	GlobalSection(ProjectConfigurationPlatforms) = postSolution
		{6B62F3E3-BE55-4AC8-9E4B-22919BAEA1B6}.Debug|Any CPU.ActiveCfg = Debug|Any CPU
		{6B62F3E3-BE55-4AC8-9E4B-22919BAEA1B6}.Debug|Any CPU.Build.0 = Debug|Any CPU
		{6B62F3E3-BE55-4AC8-9E4B-22919BAEA1B6}.Release|Any CPU.ActiveCfg = Release|Any CPU
		{6B62F3E3-BE55-4AC8-9E4B-22919BAEA1B6}.Release|Any CPU.Build.0 = Release|Any CPU
	EndGlobalSection
	GlobalSection(SolutionProperties) = preSolution
		HideSolutionNode = FALSE
	EndGlobalSection
	GlobalSection(ExtensibilityGlobals) = postSolution
		SolutionGuid = {59753BF4-FF93-4F74-9558-ED7E688028F9}
	EndGlobalSection
EndGlobal
